// !$*UTF8*$!
{
	archiveVersion = 1;
	classes = {
	};
	objectVersion = 77;
	objects = {

/* Begin PBXBuildFile section */
		4898136B2DB3CEF40045BC89 /* notifly_sdk in Frameworks */ = {isa = PBXBuildFile; productRef = 4898136A2DB3CEF40045BC89 /* notifly_sdk */; };
		4898137C2DB3CF600045BC89 /* NotiflyNotificationExtension.appex in Embed Foundation Extensions */ = {isa = PBXBuildFile; fileRef = 489813752DB3CF600045BC89 /* NotiflyNotificationExtension.appex */; settings = {ATTRIBUTES = (RemoveHeadersOnCopy, ); }; };
		489813842DB3CFD40045BC89 /* notifly_sdk in Frameworks */ = {isa = PBXBuildFile; productRef = 489813832DB3CFD40045BC89 /* notifly_sdk */; };
/* End PBXBuildFile section */

/* Begin PBXContainerItemProxy section */
		4898137A2DB3CF600045BC89 /* PBXContainerItemProxy */ = {
			isa = PBXContainerItemProxy;
			containerPortal = 489813532DB3CEBC0045BC89 /* Project object */;
			proxyType = 1;
			remoteGlobalIDString = 489813742DB3CF600045BC89;
			remoteInfo = NotiflyNotificationExtension;
		};
/* End PBXContainerItemProxy section */

/* Begin PBXCopyFilesBuildPhase section */
		489813812DB3CF600045BC89 /* Embed Foundation Extensions */ = {
			isa = PBXCopyFilesBuildPhase;
			buildActionMask = 2147483647;
			dstPath = "";
			dstSubfolderSpec = 13;
			files = (
				4898137C2DB3CF600045BC89 /* NotiflyNotificationExtension.appex in Embed Foundation Extensions */,
			);
			name = "Embed Foundation Extensions";
			runOnlyForDeploymentPostprocessing = 0;
		};
/* End PBXCopyFilesBuildPhase section */

/* Begin PBXFileReference section */
		4898135B2DB3CEBC0045BC89 /* NotiflyIOSSample.app */ = {isa = PBXFileReference; explicitFileType = wrapper.application; includeInIndex = 0; path = NotiflyIOSSample.app; sourceTree = BUILT_PRODUCTS_DIR; };
		489813752DB3CF600045BC89 /* NotiflyNotificationExtension.appex */ = {isa = PBXFileReference; explicitFileType = "wrapper.app-extension"; includeInIndex = 0; path = NotiflyNotificationExtension.appex; sourceTree = BUILT_PRODUCTS_DIR; };
/* End PBXFileReference section */

/* Begin PBXFileSystemSynchronizedBuildFileExceptionSet section */
		4898136D2DB3CF0A0045BC89 /* Exceptions for "NotiflyIOSSample" folder in "NotiflyIOSSample" target */ = {
			isa = PBXFileSystemSynchronizedBuildFileExceptionSet;
			membershipExceptions = (
				Info.plist,
			);
			target = 4898135A2DB3CEBC0045BC89 /* NotiflyIOSSample */;
		};
		489813802DB3CF600045BC89 /* Exceptions for "NotiflyNotificationExtension" folder in "NotiflyNotificationExtension" target */ = {
			isa = PBXFileSystemSynchronizedBuildFileExceptionSet;
			membershipExceptions = (
				Info.plist,
			);
			target = 489813742DB3CF600045BC89 /* NotiflyNotificationExtension */;
		};
/* End PBXFileSystemSynchronizedBuildFileExceptionSet section */

/* Begin PBXFileSystemSynchronizedRootGroup section */
		4898135D2DB3CEBC0045BC89 /* NotiflyIOSSample */ = {
			isa = PBXFileSystemSynchronizedRootGroup;
			exceptions = (
				4898136D2DB3CF0A0045BC89 /* Exceptions for "NotiflyIOSSample" folder in "NotiflyIOSSample" target */,
			);
			path = NotiflyIOSSample;
			sourceTree = "<group>";
		};
		489813762DB3CF600045BC89 /* NotiflyNotificationExtension */ = {
			isa = PBXFileSystemSynchronizedRootGroup;
			exceptions = (
				489813802DB3CF600045BC89 /* Exceptions for "NotiflyNotificationExtension" folder in "NotiflyNotificationExtension" target */,
			);
			path = NotiflyNotificationExtension;
			sourceTree = "<group>";
		};
/* End PBXFileSystemSynchronizedRootGroup section */

/* Begin PBXFrameworksBuildPhase section */
		489813582DB3CEBC0045BC89 /* Frameworks */ = {
			isa = PBXFrameworksBuildPhase;
			buildActionMask = 2147483647;
			files = (
				4898136B2DB3CEF40045BC89 /* notifly_sdk in Frameworks */,
			);
			runOnlyForDeploymentPostprocessing = 0;
		};
		489813722DB3CF600045BC89 /* Frameworks */ = {
			isa = PBXFrameworksBuildPhase;
			buildActionMask = 2147483647;
			files = (
				489813842DB3CFD40045BC89 /* notifly_sdk in Frameworks */,
			);
			runOnlyForDeploymentPostprocessing = 0;
		};
/* End PBXFrameworksBuildPhase section */

/* Begin PBXGroup section */
		489813522DB3CEBC0045BC89 = {
			isa = PBXGroup;
			children = (
				4898135D2DB3CEBC0045BC89 /* NotiflyIOSSample */,
				489813762DB3CF600045BC89 /* NotiflyNotificationExtension */,
				4898135C2DB3CEBC0045BC89 /* Products */,
			);
			sourceTree = "<group>";
		};
		4898135C2DB3CEBC0045BC89 /* Products */ = {
			isa = PBXGroup;
			children = (
				4898135B2DB3CEBC0045BC89 /* NotiflyIOSSample.app */,
				489813752DB3CF600045BC89 /* NotiflyNotificationExtension.appex */,
			);
			name = Products;
			sourceTree = "<group>";
		};
/* End PBXGroup section */

/* Begin PBXNativeTarget section */
		4898135A2DB3CEBC0045BC89 /* NotiflyIOSSample */ = {
			isa = PBXNativeTarget;
			buildConfigurationList = 489813662DB3CEBE0045BC89 /* Build configuration list for PBXNativeTarget "NotiflyIOSSample" */;
			buildPhases = (
				489813572DB3CEBC0045BC89 /* Sources */,
				489813582DB3CEBC0045BC89 /* Frameworks */,
				489813592DB3CEBC0045BC89 /* Resources */,
				489813812DB3CF600045BC89 /* Embed Foundation Extensions */,
			);
			buildRules = (
			);
			dependencies = (
				4898137B2DB3CF600045BC89 /* PBXTargetDependency */,
			);
			fileSystemSynchronizedGroups = (
				4898135D2DB3CEBC0045BC89 /* NotiflyIOSSample */,
			);
			name = NotiflyIOSSample;
			packageProductDependencies = (
				4898136A2DB3CEF40045BC89 /* notifly_sdk */,
			);
			productName = NotiflyIOSSample;
			productReference = 4898135B2DB3CEBC0045BC89 /* NotiflyIOSSample.app */;
			productType = "com.apple.product-type.application";
		};
		489813742DB3CF600045BC89 /* NotiflyNotificationExtension */ = {
			isa = PBXNativeTarget;
			buildConfigurationList = 4898137D2DB3CF600045BC89 /* Build configuration list for PBXNativeTarget "NotiflyNotificationExtension" */;
			buildPhases = (
				489813712DB3CF600045BC89 /* Sources */,
				489813722DB3CF600045BC89 /* Frameworks */,
				489813732DB3CF600045BC89 /* Resources */,
			);
			buildRules = (
			);
			dependencies = (
			);
			fileSystemSynchronizedGroups = (
				489813762DB3CF600045BC89 /* NotiflyNotificationExtension */,
			);
			name = NotiflyNotificationExtension;
			packageProductDependencies = (
				489813832DB3CFD40045BC89 /* notifly_sdk */,
			);
			productName = NotiflyNotificationExtension;
			productReference = 489813752DB3CF600045BC89 /* NotiflyNotificationExtension.appex */;
			productType = "com.apple.product-type.app-extension";
		};
/* End PBXNativeTarget section */

/* Begin PBXProject section */
		489813532DB3CEBC0045BC89 /* Project object */ = {
			isa = PBXProject;
			attributes = {
				BuildIndependentTargetsInParallel = 1;
				LastSwiftUpdateCheck = 1630;
				LastUpgradeCheck = 1630;
				TargetAttributes = {
					4898135A2DB3CEBC0045BC89 = {
						CreatedOnToolsVersion = 16.3;
					};
					489813742DB3CF600045BC89 = {
						CreatedOnToolsVersion = 16.3;
					};
				};
			};
			buildConfigurationList = 489813562DB3CEBC0045BC89 /* Build configuration list for PBXProject "NotiflyIOSSample" */;
			developmentRegion = en;
			hasScannedForEncodings = 0;
			knownRegions = (
				en,
				Base,
			);
			mainGroup = 489813522DB3CEBC0045BC89;
			minimizedProjectReferenceProxies = 1;
			packageReferences = (
				489813692DB3CEF40045BC89 /* XCRemoteSwiftPackageReference "notifly-ios-sdk" */,
			);
			preferredProjectObjectVersion = 77;
			productRefGroup = 4898135C2DB3CEBC0045BC89 /* Products */;
			projectDirPath = "";
			projectRoot = "";
			targets = (
				4898135A2DB3CEBC0045BC89 /* NotiflyIOSSample */,
				489813742DB3CF600045BC89 /* NotiflyNotificationExtension */,
			);
		};
/* End PBXProject section */

/* Begin PBXResourcesBuildPhase section */
		489813592DB3CEBC0045BC89 /* Resources */ = {
			isa = PBXResourcesBuildPhase;
			buildActionMask = 2147483647;
			files = (
			);
			runOnlyForDeploymentPostprocessing = 0;
		};
		489813732DB3CF600045BC89 /* Resources */ = {
			isa = PBXResourcesBuildPhase;
			buildActionMask = 2147483647;
			files = (
			);
			runOnlyForDeploymentPostprocessing = 0;
		};
/* End PBXResourcesBuildPhase section */

/* Begin PBXSourcesBuildPhase section */
		489813572DB3CEBC0045BC89 /* Sources */ = {
			isa = PBXSourcesBuildPhase;
			buildActionMask = 2147483647;
			files = (
			);
			runOnlyForDeploymentPostprocessing = 0;
		};
		489813712DB3CF600045BC89 /* Sources */ = {
			isa = PBXSourcesBuildPhase;
			buildActionMask = 2147483647;
			files = (
			);
			runOnlyForDeploymentPostprocessing = 0;
		};
/* End PBXSourcesBuildPhase section */

/* Begin PBXTargetDependency section */
		4898137B2DB3CF600045BC89 /* PBXTargetDependency */ = {
			isa = PBXTargetDependency;
			target = 489813742DB3CF600045BC89 /* NotiflyNotificationExtension */;
			targetProxy = 4898137A2DB3CF600045BC89 /* PBXContainerItemProxy */;
		};
/* End PBXTargetDependency section */

/* Begin XCBuildConfiguration section */
		489813642DB3CEBE0045BC89 /* Debug */ = {
			isa = XCBuildConfiguration;
			buildSettings = {
				ALWAYS_SEARCH_USER_PATHS = NO;
				ASSETCATALOG_COMPILER_GENERATE_SWIFT_ASSET_SYMBOL_EXTENSIONS = YES;
				CLANG_ANALYZER_NONNULL = YES;
				CLANG_ANALYZER_NUMBER_OBJECT_CONVERSION = YES_AGGRESSIVE;
				CLANG_CXX_LANGUAGE_STANDARD = "gnu++20";
				CLANG_ENABLE_MODULES = YES;
				CLANG_ENABLE_OBJC_ARC = YES;
				CLANG_ENABLE_OBJC_WEAK = YES;
				CLANG_WARN_BLOCK_CAPTURE_AUTORELEASING = YES;
				CLANG_WARN_BOOL_CONVERSION = YES;
				CLANG_WARN_COMMA = YES;
				CLANG_WARN_CONSTANT_CONVERSION = YES;
				CLANG_WARN_DEPRECATED_OBJC_IMPLEMENTATIONS = YES;
				CLANG_WARN_DIRECT_OBJC_ISA_USAGE = YES_ERROR;
				CLANG_WARN_DOCUMENTATION_COMMENTS = YES;
				CLANG_WARN_EMPTY_BODY = YES;
				CLANG_WARN_ENUM_CONVERSION = YES;
				CLANG_WARN_INFINITE_RECURSION = YES;
				CLANG_WARN_INT_CONVERSION = YES;
				CLANG_WARN_NON_LITERAL_NULL_CONVERSION = YES;
				CLANG_WARN_OBJC_IMPLICIT_RETAIN_SELF = YES;
				CLANG_WARN_OBJC_LITERAL_CONVERSION = YES;
				CLANG_WARN_OBJC_ROOT_CLASS = YES_ERROR;
				CLANG_WARN_QUOTED_INCLUDE_IN_FRAMEWORK_HEADER = YES;
				CLANG_WARN_RANGE_LOOP_ANALYSIS = YES;
				CLANG_WARN_STRICT_PROTOTYPES = YES;
				CLANG_WARN_SUSPICIOUS_MOVE = YES;
				CLANG_WARN_UNGUARDED_AVAILABILITY = YES_AGGRESSIVE;
				CLANG_WARN_UNREACHABLE_CODE = YES;
				CLANG_WARN__DUPLICATE_METHOD_MATCH = YES;
				COPY_PHASE_STRIP = NO;
				DEBUG_INFORMATION_FORMAT = dwarf;
				DEVELOPMENT_TEAM = PVP6K3DKQ8;
				ENABLE_STRICT_OBJC_MSGSEND = YES;
				ENABLE_TESTABILITY = YES;
				ENABLE_USER_SCRIPT_SANDBOXING = YES;
				GCC_C_LANGUAGE_STANDARD = gnu17;
				GCC_DYNAMIC_NO_PIC = NO;
				GCC_NO_COMMON_BLOCKS = YES;
				GCC_OPTIMIZATION_LEVEL = 0;
				GCC_PREPROCESSOR_DEFINITIONS = (
					"DEBUG=1",
					"$(inherited)",
				);
				GCC_WARN_64_TO_32_BIT_CONVERSION = YES;
				GCC_WARN_ABOUT_RETURN_TYPE = YES_ERROR;
				GCC_WARN_UNDECLARED_SELECTOR = YES;
				GCC_WARN_UNINITIALIZED_AUTOS = YES_AGGRESSIVE;
				GCC_WARN_UNUSED_FUNCTION = YES;
				GCC_WARN_UNUSED_VARIABLE = YES;
				IPHONEOS_DEPLOYMENT_TARGET = 18.4;
				LOCALIZATION_PREFERS_STRING_CATALOGS = YES;
				MTL_ENABLE_DEBUG_INFO = INCLUDE_SOURCE;
				MTL_FAST_MATH = YES;
				ONLY_ACTIVE_ARCH = YES;
				SDKROOT = iphoneos;
				SWIFT_ACTIVE_COMPILATION_CONDITIONS = "DEBUG $(inherited)";
				SWIFT_OPTIMIZATION_LEVEL = "-Onone";
			};
			name = Debug;
		};
		489813652DB3CEBE0045BC89 /* Release */ = {
			isa = XCBuildConfiguration;
			buildSettings = {
				ALWAYS_SEARCH_USER_PATHS = NO;
				ASSETCATALOG_COMPILER_GENERATE_SWIFT_ASSET_SYMBOL_EXTENSIONS = YES;
				CLANG_ANALYZER_NONNULL = YES;
				CLANG_ANALYZER_NUMBER_OBJECT_CONVERSION = YES_AGGRESSIVE;
				CLANG_CXX_LANGUAGE_STANDARD = "gnu++20";
				CLANG_ENABLE_MODULES = YES;
				CLANG_ENABLE_OBJC_ARC = YES;
				CLANG_ENABLE_OBJC_WEAK = YES;
				CLANG_WARN_BLOCK_CAPTURE_AUTORELEASING = YES;
				CLANG_WARN_BOOL_CONVERSION = YES;
				CLANG_WARN_COMMA = YES;
				CLANG_WARN_CONSTANT_CONVERSION = YES;
				CLANG_WARN_DEPRECATED_OBJC_IMPLEMENTATIONS = YES;
				CLANG_WARN_DIRECT_OBJC_ISA_USAGE = YES_ERROR;
				CLANG_WARN_DOCUMENTATION_COMMENTS = YES;
				CLANG_WARN_EMPTY_BODY = YES;
				CLANG_WARN_ENUM_CONVERSION = YES;
				CLANG_WARN_INFINITE_RECURSION = YES;
				CLANG_WARN_INT_CONVERSION = YES;
				CLANG_WARN_NON_LITERAL_NULL_CONVERSION = YES;
				CLANG_WARN_OBJC_IMPLICIT_RETAIN_SELF = YES;
				CLANG_WARN_OBJC_LITERAL_CONVERSION = YES;
				CLANG_WARN_OBJC_ROOT_CLASS = YES_ERROR;
				CLANG_WARN_QUOTED_INCLUDE_IN_FRAMEWORK_HEADER = YES;
				CLANG_WARN_RANGE_LOOP_ANALYSIS = YES;
				CLANG_WARN_STRICT_PROTOTYPES = YES;
				CLANG_WARN_SUSPICIOUS_MOVE = YES;
				CLANG_WARN_UNGUARDED_AVAILABILITY = YES_AGGRESSIVE;
				CLANG_WARN_UNREACHABLE_CODE = YES;
				CLANG_WARN__DUPLICATE_METHOD_MATCH = YES;
				COPY_PHASE_STRIP = NO;
				DEBUG_INFORMATION_FORMAT = "dwarf-with-dsym";
				DEVELOPMENT_TEAM = PVP6K3DKQ8;
				ENABLE_NS_ASSERTIONS = NO;
				ENABLE_STRICT_OBJC_MSGSEND = YES;
				ENABLE_USER_SCRIPT_SANDBOXING = YES;
				GCC_C_LANGUAGE_STANDARD = gnu17;
				GCC_NO_COMMON_BLOCKS = YES;
				GCC_WARN_64_TO_32_BIT_CONVERSION = YES;
				GCC_WARN_ABOUT_RETURN_TYPE = YES_ERROR;
				GCC_WARN_UNDECLARED_SELECTOR = YES;
				GCC_WARN_UNINITIALIZED_AUTOS = YES_AGGRESSIVE;
				GCC_WARN_UNUSED_FUNCTION = YES;
				GCC_WARN_UNUSED_VARIABLE = YES;
				IPHONEOS_DEPLOYMENT_TARGET = 18.4;
				LOCALIZATION_PREFERS_STRING_CATALOGS = YES;
				MTL_ENABLE_DEBUG_INFO = NO;
				MTL_FAST_MATH = YES;
				SDKROOT = iphoneos;
				SWIFT_COMPILATION_MODE = wholemodule;
				VALIDATE_PRODUCT = YES;
			};
			name = Release;
		};
		489813672DB3CEBE0045BC89 /* Debug */ = {
			isa = XCBuildConfiguration;
			buildSettings = {
				ASSETCATALOG_COMPILER_APPICON_NAME = AppIcon;
				ASSETCATALOG_COMPILER_GLOBAL_ACCENT_COLOR_NAME = AccentColor;
				CODE_SIGN_ENTITLEMENTS = NotiflyIOSSample/NotiflyIOSSample.entitlements;
				CODE_SIGN_STYLE = Automatic;
				CURRENT_PROJECT_VERSION = 1;
				DEVELOPMENT_TEAM = MR367J8PMN;
				ENABLE_PREVIEWS = YES;
				GENERATE_INFOPLIST_FILE = YES;
				INFOPLIST_FILE = NotiflyIOSSample/Info.plist;
				INFOPLIST_KEY_UIApplicationSceneManifest_Generation = YES;
				INFOPLIST_KEY_UIApplicationSupportsIndirectInputEvents = YES;
				INFOPLIST_KEY_UILaunchScreen_Generation = YES;
				INFOPLIST_KEY_UISupportedInterfaceOrientations_iPad = "UIInterfaceOrientationPortrait UIInterfaceOrientationPortraitUpsideDown UIInterfaceOrientationLandscapeLeft UIInterfaceOrientationLandscapeRight";
				INFOPLIST_KEY_UISupportedInterfaceOrientations_iPhone = "UIInterfaceOrientationPortrait UIInterfaceOrientationLandscapeLeft UIInterfaceOrientationLandscapeRight";
				IPHONEOS_DEPLOYMENT_TARGET = 15.0;
				LD_RUNPATH_SEARCH_PATHS = (
					"$(inherited)",
					"@executable_path/Frameworks",
				);
				MARKETING_VERSION = 1.0;
				PRODUCT_BUNDLE_IDENTIFIER = "com.notifly.notifly-ios-sdk.NotiflyIOSTestApp";
				PRODUCT_NAME = "$(TARGET_NAME)";
				SWIFT_EMIT_LOC_STRINGS = YES;
				SWIFT_VERSION = 5.0;
				TARGETED_DEVICE_FAMILY = "1,2";
			};
			name = Debug;
		};
		489813682DB3CEBE0045BC89 /* Release */ = {
			isa = XCBuildConfiguration;
			buildSettings = {
				ASSETCATALOG_COMPILER_APPICON_NAME = AppIcon;
				ASSETCATALOG_COMPILER_GLOBAL_ACCENT_COLOR_NAME = AccentColor;
				CODE_SIGN_ENTITLEMENTS = NotiflyIOSSample/NotiflyIOSSample.entitlements;
				CODE_SIGN_STYLE = Automatic;
				CURRENT_PROJECT_VERSION = 1;
				DEVELOPMENT_TEAM = MR367J8PMN;
				ENABLE_PREVIEWS = YES;
				GENERATE_INFOPLIST_FILE = YES;
				INFOPLIST_FILE = NotiflyIOSSample/Info.plist;
				INFOPLIST_KEY_UIApplicationSceneManifest_Generation = YES;
				INFOPLIST_KEY_UIApplicationSupportsIndirectInputEvents = YES;
				INFOPLIST_KEY_UILaunchScreen_Generation = YES;
				INFOPLIST_KEY_UISupportedInterfaceOrientations_iPad = "UIInterfaceOrientationPortrait UIInterfaceOrientationPortraitUpsideDown UIInterfaceOrientationLandscapeLeft UIInterfaceOrientationLandscapeRight";
				INFOPLIST_KEY_UISupportedInterfaceOrientations_iPhone = "UIInterfaceOrientationPortrait UIInterfaceOrientationLandscapeLeft UIInterfaceOrientationLandscapeRight";
				IPHONEOS_DEPLOYMENT_TARGET = 15.0;
				LD_RUNPATH_SEARCH_PATHS = (
					"$(inherited)",
					"@executable_path/Frameworks",
				);
				MARKETING_VERSION = 1.0;
				PRODUCT_BUNDLE_IDENTIFIER = "com.notifly.notifly-ios-sdk.NotiflyIOSTestApp";
				PRODUCT_NAME = "$(TARGET_NAME)";
				SWIFT_EMIT_LOC_STRINGS = YES;
				SWIFT_VERSION = 5.0;
				TARGETED_DEVICE_FAMILY = "1,2";
			};
			name = Release;
		};
		4898137E2DB3CF600045BC89 /* Debug */ = {
			isa = XCBuildConfiguration;
			buildSettings = {
				CODE_SIGN_ENTITLEMENTS = NotiflyNotificationExtension/NotiflyNotificationExtension.entitlements;
				CODE_SIGN_STYLE = Automatic;
				CURRENT_PROJECT_VERSION = 1;
				DEVELOPMENT_TEAM = MR367J8PMN;
				GENERATE_INFOPLIST_FILE = YES;
				INFOPLIST_FILE = NotiflyNotificationExtension/Info.plist;
				INFOPLIST_KEY_CFBundleDisplayName = NotiflyNotificationExtension;
				INFOPLIST_KEY_NSHumanReadableCopyright = "";
				LD_RUNPATH_SEARCH_PATHS = (
					"$(inherited)",
					"@executable_path/Frameworks",
					"@executable_path/../../Frameworks",
				);
				MARKETING_VERSION = 1.0;
				PRODUCT_BUNDLE_IDENTIFIER = "com.notifly.notifly-ios-sdk.NotiflyIOSTestApp.NotiflyNotificationExtension";
				PRODUCT_NAME = "$(TARGET_NAME)";
				SKIP_INSTALL = YES;
				SWIFT_EMIT_LOC_STRINGS = YES;
				SWIFT_VERSION = 5.0;
				TARGETED_DEVICE_FAMILY = "1,2";
			};
			name = Debug;
		};
		4898137F2DB3CF600045BC89 /* Release */ = {
			isa = XCBuildConfiguration;
			buildSettings = {
				CODE_SIGN_ENTITLEMENTS = NotiflyNotificationExtension/NotiflyNotificationExtension.entitlements;
				CODE_SIGN_STYLE = Automatic;
				CURRENT_PROJECT_VERSION = 1;
				DEVELOPMENT_TEAM = MR367J8PMN;
				GENERATE_INFOPLIST_FILE = YES;
				INFOPLIST_FILE = NotiflyNotificationExtension/Info.plist;
				INFOPLIST_KEY_CFBundleDisplayName = NotiflyNotificationExtension;
				INFOPLIST_KEY_NSHumanReadableCopyright = "";
				LD_RUNPATH_SEARCH_PATHS = (
					"$(inherited)",
					"@executable_path/Frameworks",
					"@executable_path/../../Frameworks",
				);
				MARKETING_VERSION = 1.0;
				PRODUCT_BUNDLE_IDENTIFIER = "com.notifly.notifly-ios-sdk.NotiflyIOSTestApp.NotiflyNotificationExtension";
				PRODUCT_NAME = "$(TARGET_NAME)";
				SKIP_INSTALL = YES;
				SWIFT_EMIT_LOC_STRINGS = YES;
				SWIFT_VERSION = 5.0;
				TARGETED_DEVICE_FAMILY = "1,2";
			};
			name = Release;
		};
/* End XCBuildConfiguration section */

/* Begin XCConfigurationList section */
		489813562DB3CEBC0045BC89 /* Build configuration list for PBXProject "NotiflyIOSSample" */ = {
			isa = XCConfigurationList;
			buildConfigurations = (
				489813642DB3CEBE0045BC89 /* Debug */,
				489813652DB3CEBE0045BC89 /* Release */,
			);
			defaultConfigurationIsVisible = 0;
			defaultConfigurationName = Release;
		};
		489813662DB3CEBE0045BC89 /* Build configuration list for PBXNativeTarget "NotiflyIOSSample" */ = {
			isa = XCConfigurationList;
			buildConfigurations = (
				489813672DB3CEBE0045BC89 /* Debug */,
				489813682DB3CEBE0045BC89 /* Release */,
			);
			defaultConfigurationIsVisible = 0;
			defaultConfigurationName = Release;
		};
		4898137D2DB3CF600045BC89 /* Build configuration list for PBXNativeTarget "NotiflyNotificationExtension" */ = {
			isa = XCConfigurationList;
			buildConfigurations = (
				4898137E2DB3CF600045BC89 /* Debug */,
				4898137F2DB3CF600045BC89 /* Release */,
			);
			defaultConfigurationIsVisible = 0;
			defaultConfigurationName = Release;
		};
/* End XCConfigurationList section */

/* Begin XCRemoteSwiftPackageReference section */
		489813692DB3CEF40045BC89 /* XCRemoteSwiftPackageReference "notifly-ios-sdk" */ = {
			isa = XCRemoteSwiftPackageReference;
			repositoryURL = "https://github.com/team-michael/notifly-ios-sdk";
			requirement = {
				kind = upToNextMajorVersion;
				minimumVersion = 1.16.3;
			};
		};
/* End XCRemoteSwiftPackageReference section */

/* Begin XCSwiftPackageProductDependency section */
		4898136A2DB3CEF40045BC89 /* notifly_sdk */ = {
			isa = XCSwiftPackageProductDependency;
			package = 489813692DB3CEF40045BC89 /* XCRemoteSwiftPackageReference "notifly-ios-sdk" */;
			productName = notifly_sdk;
		};
		489813832DB3CFD40045BC89 /* notifly_sdk */ = {
			isa = XCSwiftPackageProductDependency;
			package = 489813692DB3CEF40045BC89 /* XCRemoteSwiftPackageReference "notifly-ios-sdk" */;
			productName = notifly_sdk;
		};
/* End XCSwiftPackageProductDependency section */
	};
	rootObject = 489813532DB3CEBC0045BC89 /* Project object */;
}
