// !$*UTF8*$!
{
	archiveVersion = 1;
	classes = {
	};
	objectVersion = 56;
	objects = {

/* Begin PBXBuildFile section */
		2B19B0552BA161E500E33F4B /* TestConstant.swift in Sources */ = {isa = PBXBuildFile; fileRef = F2F3CE7A2A13A2DD009FEAF0 /* TestConstant.swift */; };
		2BC9CB7F2C3E741F0047F006 /* NotificationService.swift in Sources */ = {isa = PBXBuildFile; fileRef = 2BC9CB7E2C3E741F0047F006 /* NotificationService.swift */; };
		2BC9CB832C3E741F0047F006 /* NotiflyNotificationExtension.appex in Embed Foundation Extensions */ = {isa = PBXBuildFile; fileRef = 2BC9CB7C2C3E741F0047F006 /* NotiflyNotificationExtension.appex */; settings = {ATTRIBUTES = (RemoveHeadersOnCopy, ); }; };
		2BC9CB872C3E743A0047F006 /* notifly_ios_sdk.framework in Frameworks */ = {isa = PBXBuildFile; fileRef = F260C4202AB17A9300394B5B /* notifly_ios_sdk.framework */; };
		2BC9CB882C3E743A0047F006 /* notifly_ios_sdk.framework in Embed Frameworks */ = {isa = PBXBuildFile; fileRef = F260C4202AB17A9300394B5B /* notifly_ios_sdk.framework */; settings = {ATTRIBUTES = (CodeSignOnCopy, RemoveHeadersOnCopy, ); }; };
		2BC9CB8B2C3E74710047F006 /* TestConstant.swift in Sources */ = {isa = PBXBuildFile; fileRef = F2F3CE7A2A13A2DD009FEAF0 /* TestConstant.swift */; };
		672E7B7529EDF1C400B3E9F2 /* TrackingTestViewController.swift in Sources */ = {isa = PBXBuildFile; fileRef = 672E7B7429EDF1C400B3E9F2 /* TrackingTestViewController.swift */; };
		672E7B7A29EDF22F00B3E9F2 /* UIStackView+.swift in Sources */ = {isa = PBXBuildFile; fileRef = 672E7B7929EDF22F00B3E9F2 /* UIStackView+.swift */; };
		672E7B7C29EDF91800B3E9F2 /* UITextField+.swift in Sources */ = {isa = PBXBuildFile; fileRef = 672E7B7B29EDF91800B3E9F2 /* UITextField+.swift */; };
		672E7B7E29EE05AF00B3E9F2 /* KeyValueDataInputViewController.swift in Sources */ = {isa = PBXBuildFile; fileRef = 672E7B7D29EE05AF00B3E9F2 /* KeyValueDataInputViewController.swift */; };
		672E7B8229EE524D00B3E9F2 /* PushNotificationTestViewController.swift in Sources */ = {isa = PBXBuildFile; fileRef = 672E7B8129EE524D00B3E9F2 /* PushNotificationTestViewController.swift */; };
		675EB43529ED18B0001347FB /* AppDelegate.swift in Sources */ = {isa = PBXBuildFile; fileRef = 675EB43429ED18B0001347FB /* AppDelegate.swift */; };
		675EB43729ED18B0001347FB /* SceneDelegate.swift in Sources */ = {isa = PBXBuildFile; fileRef = 675EB43629ED18B0001347FB /* SceneDelegate.swift */; };
		675EB43929ED18B0001347FB /* MainViewController.swift in Sources */ = {isa = PBXBuildFile; fileRef = 675EB43829ED18B0001347FB /* MainViewController.swift */; };
		675EB43C29ED18B0001347FB /* Main.storyboard in Resources */ = {isa = PBXBuildFile; fileRef = 675EB43A29ED18B0001347FB /* Main.storyboard */; };
		675EB43E29ED18B1001347FB /* Assets.xcassets in Resources */ = {isa = PBXBuildFile; fileRef = 675EB43D29ED18B1001347FB /* Assets.xcassets */; };
		675EB44129ED18B1001347FB /* LaunchScreen.storyboard in Resources */ = {isa = PBXBuildFile; fileRef = 675EB43F29ED18B1001347FB /* LaunchScreen.storyboard */; };
		67A0706529F2270C0028DE1A /* UserSettingsTestViewController.swift in Sources */ = {isa = PBXBuildFile; fileRef = 67A0706429F2270C0028DE1A /* UserSettingsTestViewController.swift */; };
		F21322EF2A0243D900C3EE43 /* GoogleService-Info.plist in Resources */ = {isa = PBXBuildFile; fileRef = F21322EC2A0243D900C3EE43 /* GoogleService-Info.plist */; };
		F22B77BC2AA98B6800F7C432 /* notifly_ios_sdk.framework in Frameworks */ = {isa = PBXBuildFile; fileRef = F22B77B72AA989A400F7C432 /* notifly_ios_sdk.framework */; };
		F2DF20CC2AB17AB700CB9703 /* notifly_ios_sdk.framework in Embed Frameworks */ = {isa = PBXBuildFile; fileRef = F260C4202AB17A9300394B5B /* notifly_ios_sdk.framework */; settings = {ATTRIBUTES = (CodeSignOnCopy, RemoveHeadersOnCopy, ); }; };
/* End PBXBuildFile section */

/* Begin PBXContainerItemProxy section */
		2BC9CB812C3E741F0047F006 /* PBXContainerItemProxy */ = {
			isa = PBXContainerItemProxy;
			containerPortal = 675EB42929ED18B0001347FB /* Project object */;
			proxyType = 1;
			remoteGlobalIDString = 2BC9CB7B2C3E741F0047F006;
			remoteInfo = NotiflyNotificationExtension;
		};
		F22B77B62AA989A400F7C432 /* PBXContainerItemProxy */ = {
			isa = PBXContainerItemProxy;
			containerPortal = F22B77B12AA989A400F7C432 /* notifly-ios-sdk.xcodeproj */;
			proxyType = 2;
			remoteGlobalIDString = 673F0E8029EBA7D200814217;
			remoteInfo = "notifly-ios-sdk";
		};
		F22B77B82AA989A400F7C432 /* PBXContainerItemProxy */ = {
			isa = PBXContainerItemProxy;
			containerPortal = F22B77B12AA989A400F7C432 /* notifly-ios-sdk.xcodeproj */;
			proxyType = 2;
			remoteGlobalIDString = 673F0E8A29EBA7D200814217;
			remoteInfo = "notifly-ios-sdkTests";
		};
		F260C41F2AB17A9300394B5B /* PBXContainerItemProxy */ = {
			isa = PBXContainerItemProxy;
			containerPortal = F260C41A2AB17A9200394B5B /* notifly-ios-sdk.xcodeproj */;
			proxyType = 2;
			remoteGlobalIDString = 673F0E8029EBA7D200814217;
			remoteInfo = "notifly-ios-sdk";
		};
		F260C4212AB17A9300394B5B /* PBXContainerItemProxy */ = {
			isa = PBXContainerItemProxy;
			containerPortal = F260C41A2AB17A9200394B5B /* notifly-ios-sdk.xcodeproj */;
			proxyType = 2;
			remoteGlobalIDString = 673F0E8A29EBA7D200814217;
			remoteInfo = "notifly-ios-sdkTests";
		};
/* End PBXContainerItemProxy section */

/* Begin PBXCopyFilesBuildPhase section */
		2BC9CB892C3E743A0047F006 /* Embed Frameworks */ = {
			isa = PBXCopyFilesBuildPhase;
			buildActionMask = 2147483647;
			dstPath = "";
			dstSubfolderSpec = 10;
			files = (
				2BC9CB882C3E743A0047F006 /* notifly_ios_sdk.framework in Embed Frameworks */,
			);
			name = "Embed Frameworks";
			runOnlyForDeploymentPostprocessing = 0;
		};
		F21322F32A02448A00C3EE43 /* Embed Frameworks */ = {
			isa = PBXCopyFilesBuildPhase;
			buildActionMask = 2147483647;
			dstPath = "";
			dstSubfolderSpec = 10;
			files = (
				F2DF20CC2AB17AB700CB9703 /* notifly_ios_sdk.framework in Embed Frameworks */,
			);
			name = "Embed Frameworks";
			runOnlyForDeploymentPostprocessing = 0;
		};
		F260C4172AB1777800394B5B /* Embed Foundation Extensions */ = {
			isa = PBXCopyFilesBuildPhase;
			buildActionMask = 12;
			dstPath = "";
			dstSubfolderSpec = 13;
			files = (
				2BC9CB832C3E741F0047F006 /* NotiflyNotificationExtension.appex in Embed Foundation Extensions */,
			);
			name = "Embed Foundation Extensions";
			runOnlyForDeploymentPostprocessing = 0;
		};
/* End PBXCopyFilesBuildPhase section */

/* Begin PBXFileReference section */
		2BC9CB7C2C3E741F0047F006 /* NotiflyNotificationExtension.appex */ = {isa = PBXFileReference; explicitFileType = "wrapper.app-extension"; includeInIndex = 0; path = NotiflyNotificationExtension.appex; sourceTree = BUILT_PRODUCTS_DIR; };
		2BC9CB7E2C3E741F0047F006 /* NotificationService.swift */ = {isa = PBXFileReference; lastKnownFileType = sourcecode.swift; path = NotificationService.swift; sourceTree = "<group>"; };
		2BC9CB802C3E741F0047F006 /* Info.plist */ = {isa = PBXFileReference; lastKnownFileType = text.plist.xml; path = Info.plist; sourceTree = "<group>"; };
		2BC9CB8A2C3E74420047F006 /* NotiflyNotificationExtension.entitlements */ = {isa = PBXFileReference; lastKnownFileType = text.plist.entitlements; path = NotiflyNotificationExtension.entitlements; sourceTree = "<group>"; };
		672E7B7429EDF1C400B3E9F2 /* TrackingTestViewController.swift */ = {isa = PBXFileReference; lastKnownFileType = sourcecode.swift; path = TrackingTestViewController.swift; sourceTree = "<group>"; };
		672E7B7929EDF22F00B3E9F2 /* UIStackView+.swift */ = {isa = PBXFileReference; lastKnownFileType = sourcecode.swift; path = "UIStackView+.swift"; sourceTree = "<group>"; };
		672E7B7B29EDF91800B3E9F2 /* UITextField+.swift */ = {isa = PBXFileReference; lastKnownFileType = sourcecode.swift; path = "UITextField+.swift"; sourceTree = "<group>"; };
		672E7B7D29EE05AF00B3E9F2 /* KeyValueDataInputViewController.swift */ = {isa = PBXFileReference; lastKnownFileType = sourcecode.swift; path = KeyValueDataInputViewController.swift; sourceTree = "<group>"; };
		672E7B8129EE524D00B3E9F2 /* PushNotificationTestViewController.swift */ = {isa = PBXFileReference; lastKnownFileType = sourcecode.swift; path = PushNotificationTestViewController.swift; sourceTree = "<group>"; };
		675EB43129ED18B0001347FB /* NotiflyTestApp.app */ = {isa = PBXFileReference; explicitFileType = wrapper.application; includeInIndex = 0; path = NotiflyTestApp.app; sourceTree = BUILT_PRODUCTS_DIR; };
		675EB43429ED18B0001347FB /* AppDelegate.swift */ = {isa = PBXFileReference; lastKnownFileType = sourcecode.swift; path = AppDelegate.swift; sourceTree = "<group>"; };
		675EB43629ED18B0001347FB /* SceneDelegate.swift */ = {isa = PBXFileReference; lastKnownFileType = sourcecode.swift; path = SceneDelegate.swift; sourceTree = "<group>"; };
		675EB43829ED18B0001347FB /* MainViewController.swift */ = {isa = PBXFileReference; lastKnownFileType = sourcecode.swift; path = MainViewController.swift; sourceTree = "<group>"; };
		675EB43B29ED18B0001347FB /* Base */ = {isa = PBXFileReference; lastKnownFileType = file.storyboard; name = Base; path = Base.lproj/Main.storyboard; sourceTree = "<group>"; };
		675EB43D29ED18B1001347FB /* Assets.xcassets */ = {isa = PBXFileReference; lastKnownFileType = folder.assetcatalog; path = Assets.xcassets; sourceTree = "<group>"; };
		675EB44029ED18B1001347FB /* Base */ = {isa = PBXFileReference; lastKnownFileType = file.storyboard; name = Base; path = Base.lproj/LaunchScreen.storyboard; sourceTree = "<group>"; };
		675EB44229ED18B1001347FB /* Info.plist */ = {isa = PBXFileReference; lastKnownFileType = text.plist.xml; path = Info.plist; sourceTree = "<group>"; };
		67A0706429F2270C0028DE1A /* UserSettingsTestViewController.swift */ = {isa = PBXFileReference; lastKnownFileType = sourcecode.swift; path = UserSettingsTestViewController.swift; sourceTree = "<group>"; };
		F21322EC2A0243D900C3EE43 /* GoogleService-Info.plist */ = {isa = PBXFileReference; fileEncoding = 4; lastKnownFileType = text.plist.xml; path = "GoogleService-Info.plist"; sourceTree = "<group>"; };
		F21322F02A02445D00C3EE43 /* NotiflyTestApp.entitlements */ = {isa = PBXFileReference; lastKnownFileType = text.plist.entitlements; path = NotiflyTestApp.entitlements; sourceTree = "<group>"; };
		F22B77B12AA989A400F7C432 /* notifly-ios-sdk.xcodeproj */ = {isa = PBXFileReference; lastKnownFileType = "wrapper.pb-project"; name = "notifly-ios-sdk.xcodeproj"; path = "../Sources/Notifly/notifly-ios-sdk/notifly-ios-sdk.xcodeproj"; sourceTree = "<group>"; };
		F260C41A2AB17A9200394B5B /* notifly-ios-sdk.xcodeproj */ = {isa = PBXFileReference; lastKnownFileType = "wrapper.pb-project"; name = "notifly-ios-sdk.xcodeproj"; path = "../Sources/Notifly/notifly-ios-sdk/notifly-ios-sdk.xcodeproj"; sourceTree = "<group>"; };
		F2F3CE7A2A13A2DD009FEAF0 /* TestConstant.swift */ = {isa = PBXFileReference; fileEncoding = 4; lastKnownFileType = sourcecode.swift; path = TestConstant.swift; sourceTree = "<group>"; };
/* End PBXFileReference section */

/* Begin PBXFrameworksBuildPhase section */
		2BC9CB792C3E741F0047F006 /* Frameworks */ = {
			isa = PBXFrameworksBuildPhase;
			buildActionMask = 2147483647;
			files = (
				2BC9CB872C3E743A0047F006 /* notifly_ios_sdk.framework in Frameworks */,
			);
			runOnlyForDeploymentPostprocessing = 0;
		};
		675EB42E29ED18B0001347FB /* Frameworks */ = {
			isa = PBXFrameworksBuildPhase;
			buildActionMask = 2147483647;
			files = (
				F22B77BC2AA98B6800F7C432 /* notifly_ios_sdk.framework in Frameworks */,
			);
			runOnlyForDeploymentPostprocessing = 0;
		};
/* End PBXFrameworksBuildPhase section */

/* Begin PBXGroup section */
		2BC9CB7D2C3E741F0047F006 /* NotiflyNotificationExtension */ = {
			isa = PBXGroup;
			children = (
				2BC9CB8A2C3E74420047F006 /* NotiflyNotificationExtension.entitlements */,
				2BC9CB7E2C3E741F0047F006 /* NotificationService.swift */,
				2BC9CB802C3E741F0047F006 /* Info.plist */,
			);
			path = NotiflyNotificationExtension;
			sourceTree = "<group>";
		};
		672E7B6029ED1D3500B3E9F2 /* Frameworks */ = {
			isa = PBXGroup;
			children = (
				F22B77B12AA989A400F7C432 /* notifly-ios-sdk.xcodeproj */,
			);
			name = Frameworks;
			sourceTree = "<group>";
		};
		672E7B6B29ED1E2000B3E9F2 /* SourceCodes */ = {
			isa = PBXGroup;
			children = (
				F2F3CE7A2A13A2DD009FEAF0 /* TestConstant.swift */,
				672E7B6E29ED1EF100B3E9F2 /* UI */,
			);
			path = SourceCodes;
			sourceTree = "<group>";
		};
		672E7B6E29ED1EF100B3E9F2 /* UI */ = {
			isa = PBXGroup;
			children = (
				675EB43829ED18B0001347FB /* MainViewController.swift */,
				672E7B7429EDF1C400B3E9F2 /* TrackingTestViewController.swift */,
				672E7B8129EE524D00B3E9F2 /* PushNotificationTestViewController.swift */,
				672E7B7829EDF22600B3E9F2 /* Util */,
				675EB43429ED18B0001347FB /* AppDelegate.swift */,
				675EB43629ED18B0001347FB /* SceneDelegate.swift */,
				67A0706429F2270C0028DE1A /* UserSettingsTestViewController.swift */,
			);
			path = UI;
			sourceTree = "<group>";
		};
		672E7B7829EDF22600B3E9F2 /* Util */ = {
			isa = PBXGroup;
			children = (
				672E7B7929EDF22F00B3E9F2 /* UIStackView+.swift */,
				672E7B7B29EDF91800B3E9F2 /* UITextField+.swift */,
				672E7B7D29EE05AF00B3E9F2 /* KeyValueDataInputViewController.swift */,
			);
			path = Util;
			sourceTree = "<group>";
		};
		675EB42829ED18B0001347FB = {
			isa = PBXGroup;
			children = (
				F260C41A2AB17A9200394B5B /* notifly-ios-sdk.xcodeproj */,
				675EB43329ED18B0001347FB /* NotiflyTestApp */,
				2BC9CB7D2C3E741F0047F006 /* NotiflyNotificationExtension */,
				675EB43229ED18B0001347FB /* Products */,
				672E7B6029ED1D3500B3E9F2 /* Frameworks */,
			);
			sourceTree = "<group>";
		};
		675EB43229ED18B0001347FB /* Products */ = {
			isa = PBXGroup;
			children = (
				675EB43129ED18B0001347FB /* NotiflyTestApp.app */,
				2BC9CB7C2C3E741F0047F006 /* NotiflyNotificationExtension.appex */,
			);
			name = Products;
			sourceTree = "<group>";
		};
		675EB43329ED18B0001347FB /* NotiflyTestApp */ = {
			isa = PBXGroup;
			children = (
				F21322F02A02445D00C3EE43 /* NotiflyTestApp.entitlements */,
				F21322EC2A0243D900C3EE43 /* GoogleService-Info.plist */,
				672E7B6B29ED1E2000B3E9F2 /* SourceCodes */,
				675EB43A29ED18B0001347FB /* Main.storyboard */,
				675EB43D29ED18B1001347FB /* Assets.xcassets */,
				675EB43F29ED18B1001347FB /* LaunchScreen.storyboard */,
				675EB44229ED18B1001347FB /* Info.plist */,
			);
			path = NotiflyTestApp;
			sourceTree = "<group>";
		};
		F22B77B22AA989A400F7C432 /* Products */ = {
			isa = PBXGroup;
			children = (
				F22B77B72AA989A400F7C432 /* notifly_ios_sdk.framework */,
				F22B77B92AA989A400F7C432 /* notifly-ios-sdkTests.xctest */,
			);
			name = Products;
			sourceTree = "<group>";
		};
		F260C41B2AB17A9200394B5B /* Products */ = {
			isa = PBXGroup;
			children = (
				F260C4202AB17A9300394B5B /* notifly_ios_sdk.framework */,
				F260C4222AB17A9300394B5B /* notifly-ios-sdkTests.xctest */,
			);
			name = Products;
			sourceTree = "<group>";
		};
/* End PBXGroup section */

/* Begin PBXNativeTarget section */
		2BC9CB7B2C3E741F0047F006 /* NotiflyNotificationExtension */ = {
			isa = PBXNativeTarget;
			buildConfigurationList = 2BC9CB842C3E741F0047F006 /* Build configuration list for PBXNativeTarget "NotiflyNotificationExtension" */;
			buildPhases = (
				2BC9CB782C3E741F0047F006 /* Sources */,
				2BC9CB792C3E741F0047F006 /* Frameworks */,
				2BC9CB7A2C3E741F0047F006 /* Resources */,
				2BC9CB892C3E743A0047F006 /* Embed Frameworks */,
			);
			buildRules = (
			);
			dependencies = (
			);
			name = NotiflyNotificationExtension;
			productName = NotiflyNotificationExtension;
			productReference = 2BC9CB7C2C3E741F0047F006 /* NotiflyNotificationExtension.appex */;
			productType = "com.apple.product-type.app-extension";
		};
		675EB43029ED18B0001347FB /* NotiflyTestApp */ = {
			isa = PBXNativeTarget;
			buildConfigurationList = 675EB44529ED18B1001347FB /* Build configuration list for PBXNativeTarget "NotiflyTestApp" */;
			buildPhases = (
				675EB42D29ED18B0001347FB /* Sources */,
				675EB42E29ED18B0001347FB /* Frameworks */,
				675EB42F29ED18B0001347FB /* Resources */,
				F21322F32A02448A00C3EE43 /* Embed Frameworks */,
				F260C4172AB1777800394B5B /* Embed Foundation Extensions */,
			);
			buildRules = (
			);
			dependencies = (
				2BC9CB822C3E741F0047F006 /* PBXTargetDependency */,
			);
			name = NotiflyTestApp;
			productName = NotiflyTestApp;
			productReference = 675EB43129ED18B0001347FB /* NotiflyTestApp.app */;
			productType = "com.apple.product-type.application";
		};
/* End PBXNativeTarget section */

/* Begin PBXProject section */
		675EB42929ED18B0001347FB /* Project object */ = {
			isa = PBXProject;
			attributes = {
				BuildIndependentTargetsInParallel = 1;
				LastSwiftUpdateCheck = 1540;
				LastUpgradeCheck = 1420;
				TargetAttributes = {
					2BC9CB7B2C3E741F0047F006 = {
						CreatedOnToolsVersion = 15.4;
					};
					675EB43029ED18B0001347FB = {
						CreatedOnToolsVersion = 14.2;
					};
				};
			};
			buildConfigurationList = 675EB42C29ED18B0001347FB /* Build configuration list for PBXProject "NotiflyTestApp" */;
			compatibilityVersion = "Xcode 14.0";
			developmentRegion = en;
			hasScannedForEncodings = 0;
			knownRegions = (
				en,
				Base,
			);
			mainGroup = 675EB42829ED18B0001347FB;
			productRefGroup = 675EB43229ED18B0001347FB /* Products */;
			projectDirPath = "";
			projectReferences = (
				{
					ProductGroup = F260C41B2AB17A9200394B5B /* Products */;
					ProjectRef = F260C41A2AB17A9200394B5B /* notifly-ios-sdk.xcodeproj */;
				},
				{
					ProductGroup = F22B77B22AA989A400F7C432 /* Products */;
					ProjectRef = F22B77B12AA989A400F7C432 /* notifly-ios-sdk.xcodeproj */;
				},
			);
			projectRoot = "";
			targets = (
				675EB43029ED18B0001347FB /* NotiflyTestApp */,
				2BC9CB7B2C3E741F0047F006 /* NotiflyNotificationExtension */,
			);
		};
/* End PBXProject section */

/* Begin PBXReferenceProxy section */
		F22B77B72AA989A400F7C432 /* notifly_ios_sdk.framework */ = {
			isa = PBXReferenceProxy;
			fileType = wrapper.framework;
			path = notifly_ios_sdk.framework;
			remoteRef = F22B77B62AA989A400F7C432 /* PBXContainerItemProxy */;
			sourceTree = BUILT_PRODUCTS_DIR;
		};
		F22B77B92AA989A400F7C432 /* notifly-ios-sdkTests.xctest */ = {
			isa = PBXReferenceProxy;
			fileType = wrapper.cfbundle;
			path = "notifly-ios-sdkTests.xctest";
			remoteRef = F22B77B82AA989A400F7C432 /* PBXContainerItemProxy */;
			sourceTree = BUILT_PRODUCTS_DIR;
		};
		F260C4202AB17A9300394B5B /* notifly_ios_sdk.framework */ = {
			isa = PBXReferenceProxy;
			fileType = wrapper.framework;
			path = notifly_ios_sdk.framework;
			remoteRef = F260C41F2AB17A9300394B5B /* PBXContainerItemProxy */;
			sourceTree = BUILT_PRODUCTS_DIR;
		};
		F260C4222AB17A9300394B5B /* notifly-ios-sdkTests.xctest */ = {
			isa = PBXReferenceProxy;
			fileType = wrapper.cfbundle;
			path = "notifly-ios-sdkTests.xctest";
			remoteRef = F260C4212AB17A9300394B5B /* PBXContainerItemProxy */;
			sourceTree = BUILT_PRODUCTS_DIR;
		};
/* End PBXReferenceProxy section */

/* Begin PBXResourcesBuildPhase section */
		2BC9CB7A2C3E741F0047F006 /* Resources */ = {
			isa = PBXResourcesBuildPhase;
			buildActionMask = 2147483647;
			files = (
			);
			runOnlyForDeploymentPostprocessing = 0;
		};
		675EB42F29ED18B0001347FB /* Resources */ = {
			isa = PBXResourcesBuildPhase;
			buildActionMask = 2147483647;
			files = (
				675EB44129ED18B1001347FB /* LaunchScreen.storyboard in Resources */,
				F21322EF2A0243D900C3EE43 /* GoogleService-Info.plist in Resources */,
				675EB43E29ED18B1001347FB /* Assets.xcassets in Resources */,
				675EB43C29ED18B0001347FB /* Main.storyboard in Resources */,
			);
			runOnlyForDeploymentPostprocessing = 0;
		};
/* End PBXResourcesBuildPhase section */

/* Begin PBXSourcesBuildPhase section */
		2BC9CB782C3E741F0047F006 /* Sources */ = {
			isa = PBXSourcesBuildPhase;
			buildActionMask = 2147483647;
			files = (
				2BC9CB8B2C3E74710047F006 /* TestConstant.swift in Sources */,
				2BC9CB7F2C3E741F0047F006 /* NotificationService.swift in Sources */,
			);
			runOnlyForDeploymentPostprocessing = 0;
		};
		675EB42D29ED18B0001347FB /* Sources */ = {
			isa = PBXSourcesBuildPhase;
			buildActionMask = 2147483647;
			files = (
				2B19B0552BA161E500E33F4B /* TestConstant.swift in Sources */,
				675EB43929ED18B0001347FB /* MainViewController.swift in Sources */,
				675EB43529ED18B0001347FB /* AppDelegate.swift in Sources */,
				672E7B7C29EDF91800B3E9F2 /* UITextField+.swift in Sources */,
				675EB43729ED18B0001347FB /* SceneDelegate.swift in Sources */,
				672E7B7529EDF1C400B3E9F2 /* TrackingTestViewController.swift in Sources */,
				672E7B8229EE524D00B3E9F2 /* PushNotificationTestViewController.swift in Sources */,
				672E7B7A29EDF22F00B3E9F2 /* UIStackView+.swift in Sources */,
				67A0706529F2270C0028DE1A /* UserSettingsTestViewController.swift in Sources */,
				672E7B7E29EE05AF00B3E9F2 /* KeyValueDataInputViewController.swift in Sources */,
			);
			runOnlyForDeploymentPostprocessing = 0;
		};
/* End PBXSourcesBuildPhase section */

/* Begin PBXTargetDependency section */
		2BC9CB822C3E741F0047F006 /* PBXTargetDependency */ = {
			isa = PBXTargetDependency;
			target = 2BC9CB7B2C3E741F0047F006 /* NotiflyNotificationExtension */;
			targetProxy = 2BC9CB812C3E741F0047F006 /* PBXContainerItemProxy */;
		};
/* End PBXTargetDependency section */

/* Begin PBXVariantGroup section */
		675EB43A29ED18B0001347FB /* Main.storyboard */ = {
			isa = PBXVariantGroup;
			children = (
				675EB43B29ED18B0001347FB /* Base */,
			);
			name = Main.storyboard;
			sourceTree = "<group>";
		};
		675EB43F29ED18B1001347FB /* LaunchScreen.storyboard */ = {
			isa = PBXVariantGroup;
			children = (
				675EB44029ED18B1001347FB /* Base */,
			);
			name = LaunchScreen.storyboard;
			sourceTree = "<group>";
		};
/* End PBXVariantGroup section */

/* Begin XCBuildConfiguration section */
		2BC9CB852C3E741F0047F006 /* Debug */ = {
			isa = XCBuildConfiguration;
			buildSettings = {
				ASSETCATALOG_COMPILER_GENERATE_SWIFT_ASSET_SYMBOL_EXTENSIONS = YES;
				CODE_SIGN_ENTITLEMENTS = NotiflyNotificationExtension/NotiflyNotificationExtension.entitlements;
				CODE_SIGN_STYLE = Automatic;
				CURRENT_PROJECT_VERSION = 1;
				DEVELOPMENT_TEAM = MR367J8PMN;
				ENABLE_USER_SCRIPT_SANDBOXING = YES;
				GCC_C_LANGUAGE_STANDARD = gnu17;
				GENERATE_INFOPLIST_FILE = YES;
				INFOPLIST_FILE = NotiflyNotificationExtension/Info.plist;
				INFOPLIST_KEY_CFBundleDisplayName = NotiflyNotificationExtension;
				INFOPLIST_KEY_NSHumanReadableCopyright = "";
				IPHONEOS_DEPLOYMENT_TARGET = 13.0;
				LD_RUNPATH_SEARCH_PATHS = (
					"$(inherited)",
					"@executable_path/Frameworks",
					"@executable_path/../../Frameworks",
				);
				LOCALIZATION_PREFERS_STRING_CATALOGS = YES;
				MARKETING_VERSION = 1.0;
				ONLY_ACTIVE_ARCH = YES;
				PRODUCT_BUNDLE_IDENTIFIER = "com.notifly.notifly-ios-sdk.NotiflyIOSTestApp.NotiflyNotificationExtension";
				PRODUCT_NAME = "$(TARGET_NAME)";
				SKIP_INSTALL = YES;
				SWIFT_ACTIVE_COMPILATION_CONDITIONS = "DEBUG $(inherited)";
				SWIFT_EMIT_LOC_STRINGS = YES;
				SWIFT_VERSION = 5.0;
				TARGETED_DEVICE_FAMILY = "1,2";
			};
			name = Debug;
		};
		2BC9CB862C3E741F0047F006 /* Release */ = {
			isa = XCBuildConfiguration;
			buildSettings = {
				ASSETCATALOG_COMPILER_GENERATE_SWIFT_ASSET_SYMBOL_EXTENSIONS = YES;
				CODE_SIGN_ENTITLEMENTS = NotiflyNotificationExtension/NotiflyNotificationExtension.entitlements;
				CODE_SIGN_STYLE = Automatic;
				CURRENT_PROJECT_VERSION = 1;
				DEVELOPMENT_TEAM = MR367J8PMN;
				ENABLE_USER_SCRIPT_SANDBOXING = YES;
				GCC_C_LANGUAGE_STANDARD = gnu17;
				GENERATE_INFOPLIST_FILE = YES;
				INFOPLIST_FILE = NotiflyNotificationExtension/Info.plist;
				INFOPLIST_KEY_CFBundleDisplayName = NotiflyNotificationExtension;
				INFOPLIST_KEY_NSHumanReadableCopyright = "";
				IPHONEOS_DEPLOYMENT_TARGET = 13.0;
				LD_RUNPATH_SEARCH_PATHS = (
					"$(inherited)",
					"@executable_path/Frameworks",
					"@executable_path/../../Frameworks",
				);
				LOCALIZATION_PREFERS_STRING_CATALOGS = YES;
				MARKETING_VERSION = 1.0;
				PRODUCT_BUNDLE_IDENTIFIER = "com.notifly.notifly-ios-sdk.NotiflyIOSTestApp.NotiflyNotificationExtension";
				PRODUCT_NAME = "$(TARGET_NAME)";
				SKIP_INSTALL = YES;
				SWIFT_EMIT_LOC_STRINGS = YES;
				SWIFT_VERSION = 5.0;
				TARGETED_DEVICE_FAMILY = "1,2";
			};
			name = Release;
		};
		675EB44329ED18B1001347FB /* Debug */ = {
			isa = XCBuildConfiguration;
			buildSettings = {
				ALWAYS_SEARCH_USER_PATHS = NO;
				CLANG_ANALYZER_NONNULL = YES;
				CLANG_ANALYZER_NUMBER_OBJECT_CONVERSION = YES_AGGRESSIVE;
				CLANG_CXX_LANGUAGE_STANDARD = "gnu++20";
				CLANG_ENABLE_MODULES = YES;
				CLANG_ENABLE_OBJC_ARC = YES;
				CLANG_ENABLE_OBJC_WEAK = YES;
				CLANG_WARN_BLOCK_CAPTURE_AUTORELEASING = YES;
				CLANG_WARN_BOOL_CONVERSION = YES;
				CLANG_WARN_COMMA = YES;
				CLANG_WARN_CONSTANT_CONVERSION = YES;
				CLANG_WARN_DEPRECATED_OBJC_IMPLEMENTATIONS = YES;
				CLANG_WARN_DIRECT_OBJC_ISA_USAGE = YES_ERROR;
				CLANG_WARN_DOCUMENTATION_COMMENTS = YES;
				CLANG_WARN_EMPTY_BODY = YES;
				CLANG_WARN_ENUM_CONVERSION = YES;
				CLANG_WARN_INFINITE_RECURSION = YES;
				CLANG_WARN_INT_CONVERSION = YES;
				CLANG_WARN_NON_LITERAL_NULL_CONVERSION = YES;
				CLANG_WARN_OBJC_IMPLICIT_RETAIN_SELF = YES;
				CLANG_WARN_OBJC_LITERAL_CONVERSION = YES;
				CLANG_WARN_OBJC_ROOT_CLASS = YES_ERROR;
				CLANG_WARN_QUOTED_INCLUDE_IN_FRAMEWORK_HEADER = YES;
				CLANG_WARN_RANGE_LOOP_ANALYSIS = YES;
				CLANG_WARN_STRICT_PROTOTYPES = YES;
				CLANG_WARN_SUSPICIOUS_MOVE = YES;
				CLANG_WARN_UNGUARDED_AVAILABILITY = YES_AGGRESSIVE;
				CLANG_WARN_UNREACHABLE_CODE = YES;
				CLANG_WARN__DUPLICATE_METHOD_MATCH = YES;
				COPY_PHASE_STRIP = NO;
				DEBUG_INFORMATION_FORMAT = dwarf;
				ENABLE_STRICT_OBJC_MSGSEND = YES;
				ENABLE_TESTABILITY = YES;
				GCC_C_LANGUAGE_STANDARD = gnu11;
				GCC_DYNAMIC_NO_PIC = NO;
				GCC_NO_COMMON_BLOCKS = YES;
				GCC_OPTIMIZATION_LEVEL = 0;
				GCC_PREPROCESSOR_DEFINITIONS = (
					"DEBUG=1",
					"$(inherited)",
				);
				GCC_WARN_64_TO_32_BIT_CONVERSION = YES;
				GCC_WARN_ABOUT_RETURN_TYPE = YES_ERROR;
				GCC_WARN_UNDECLARED_SELECTOR = YES;
				GCC_WARN_UNINITIALIZED_AUTOS = YES_AGGRESSIVE;
				GCC_WARN_UNUSED_FUNCTION = YES;
				GCC_WARN_UNUSED_VARIABLE = YES;
				IPHONEOS_DEPLOYMENT_TARGET = 13.0;
				MTL_ENABLE_DEBUG_INFO = INCLUDE_SOURCE;
				MTL_FAST_MATH = YES;
				ONLY_ACTIVE_ARCH = YES;
				SDKROOT = iphoneos;
				SWIFT_ACTIVE_COMPILATION_CONDITIONS = DEBUG;
				SWIFT_OPTIMIZATION_LEVEL = "-Onone";
			};
			name = Debug;
		};
		675EB44429ED18B1001347FB /* Release */ = {
			isa = XCBuildConfiguration;
			buildSettings = {
				ALWAYS_SEARCH_USER_PATHS = NO;
				CLANG_ANALYZER_NONNULL = YES;
				CLANG_ANALYZER_NUMBER_OBJECT_CONVERSION = YES_AGGRESSIVE;
				CLANG_CXX_LANGUAGE_STANDARD = "gnu++20";
				CLANG_ENABLE_MODULES = YES;
				CLANG_ENABLE_OBJC_ARC = YES;
				CLANG_ENABLE_OBJC_WEAK = YES;
				CLANG_WARN_BLOCK_CAPTURE_AUTORELEASING = YES;
				CLANG_WARN_BOOL_CONVERSION = YES;
				CLANG_WARN_COMMA = YES;
				CLANG_WARN_CONSTANT_CONVERSION = YES;
				CLANG_WARN_DEPRECATED_OBJC_IMPLEMENTATIONS = YES;
				CLANG_WARN_DIRECT_OBJC_ISA_USAGE = YES_ERROR;
				CLANG_WARN_DOCUMENTATION_COMMENTS = YES;
				CLANG_WARN_EMPTY_BODY = YES;
				CLANG_WARN_ENUM_CONVERSION = YES;
				CLANG_WARN_INFINITE_RECURSION = YES;
				CLANG_WARN_INT_CONVERSION = YES;
				CLANG_WARN_NON_LITERAL_NULL_CONVERSION = YES;
				CLANG_WARN_OBJC_IMPLICIT_RETAIN_SELF = YES;
				CLANG_WARN_OBJC_LITERAL_CONVERSION = YES;
				CLANG_WARN_OBJC_ROOT_CLASS = YES_ERROR;
				CLANG_WARN_QUOTED_INCLUDE_IN_FRAMEWORK_HEADER = YES;
				CLANG_WARN_RANGE_LOOP_ANALYSIS = YES;
				CLANG_WARN_STRICT_PROTOTYPES = YES;
				CLANG_WARN_SUSPICIOUS_MOVE = YES;
				CLANG_WARN_UNGUARDED_AVAILABILITY = YES_AGGRESSIVE;
				CLANG_WARN_UNREACHABLE_CODE = YES;
				CLANG_WARN__DUPLICATE_METHOD_MATCH = YES;
				COPY_PHASE_STRIP = NO;
				DEBUG_INFORMATION_FORMAT = "dwarf-with-dsym";
				ENABLE_NS_ASSERTIONS = NO;
				ENABLE_STRICT_OBJC_MSGSEND = YES;
				GCC_C_LANGUAGE_STANDARD = gnu11;
				GCC_NO_COMMON_BLOCKS = YES;
				GCC_WARN_64_TO_32_BIT_CONVERSION = YES;
				GCC_WARN_ABOUT_RETURN_TYPE = YES_ERROR;
				GCC_WARN_UNDECLARED_SELECTOR = YES;
				GCC_WARN_UNINITIALIZED_AUTOS = YES_AGGRESSIVE;
				GCC_WARN_UNUSED_FUNCTION = YES;
				GCC_WARN_UNUSED_VARIABLE = YES;
				IPHONEOS_DEPLOYMENT_TARGET = 13.0;
				MTL_ENABLE_DEBUG_INFO = NO;
				MTL_FAST_MATH = YES;
				ONLY_ACTIVE_ARCH = YES;
				SDKROOT = iphoneos;
				SWIFT_COMPILATION_MODE = wholemodule;
				SWIFT_OPTIMIZATION_LEVEL = "-O";
				VALIDATE_PRODUCT = YES;
			};
			name = Release;
		};
		675EB44629ED18B1001347FB /* Debug */ = {
			isa = XCBuildConfiguration;
			buildSettings = {
				ALWAYS_EMBED_SWIFT_STANDARD_LIBRARIES = YES;
				ASSETCATALOG_COMPILER_APPICON_NAME = AppIcon;
				ASSETCATALOG_COMPILER_GLOBAL_ACCENT_COLOR_NAME = AccentColor;
				CODE_SIGN_ENTITLEMENTS = NotiflyTestApp/NotiflyTestApp.entitlements;
				CODE_SIGN_STYLE = Automatic;
				CURRENT_PROJECT_VERSION = 1;
				DEVELOPMENT_TEAM = MR367J8PMN;
				EXCLUDED_ARCHS = "";
				GENERATE_INFOPLIST_FILE = YES;
				INFOPLIST_FILE = NotiflyTestApp/Info.plist;
				INFOPLIST_KEY_UIApplicationSupportsIndirectInputEvents = YES;
				INFOPLIST_KEY_UILaunchStoryboardName = LaunchScreen;
				INFOPLIST_KEY_UIMainStoryboardFile = Main;
				INFOPLIST_KEY_UISupportedInterfaceOrientations_iPad = "UIInterfaceOrientationPortrait UIInterfaceOrientationPortraitUpsideDown UIInterfaceOrientationLandscapeLeft UIInterfaceOrientationLandscapeRight";
				INFOPLIST_KEY_UISupportedInterfaceOrientations_iPhone = "UIInterfaceOrientationPortrait UIInterfaceOrientationLandscapeLeft UIInterfaceOrientationLandscapeRight";
				IPHONEOS_DEPLOYMENT_TARGET = 13.0;
				LD_RUNPATH_SEARCH_PATHS = (
					"$(inherited)",
					"@executable_path/Frameworks",
				);
				MARKETING_VERSION = 1.0;
				PRODUCT_BUNDLE_IDENTIFIER = "com.notifly.notifly-ios-sdk.NotiflyIOSTestApp";
				PRODUCT_NAME = "$(TARGET_NAME)";
				SWIFT_EMIT_LOC_STRINGS = YES;
				SWIFT_VERSION = 5.0;
				TARGETED_DEVICE_FAMILY = "1,2";
			};
			name = Debug;
		};
		675EB44729ED18B1001347FB /* Release */ = {
			isa = XCBuildConfiguration;
			buildSettings = {
				ALWAYS_EMBED_SWIFT_STANDARD_LIBRARIES = YES;
				ASSETCATALOG_COMPILER_APPICON_NAME = AppIcon;
				ASSETCATALOG_COMPILER_GLOBAL_ACCENT_COLOR_NAME = AccentColor;
				CODE_SIGN_ENTITLEMENTS = NotiflyTestApp/NotiflyTestApp.entitlements;
				CODE_SIGN_STYLE = Automatic;
				CURRENT_PROJECT_VERSION = 1;
				DEVELOPMENT_TEAM = MR367J8PMN;
				EXCLUDED_ARCHS = "";
				GENERATE_INFOPLIST_FILE = YES;
				INFOPLIST_FILE = NotiflyTestApp/Info.plist;
				INFOPLIST_KEY_UIApplicationSupportsIndirectInputEvents = YES;
				INFOPLIST_KEY_UILaunchStoryboardName = LaunchScreen;
				INFOPLIST_KEY_UIMainStoryboardFile = Main;
				INFOPLIST_KEY_UISupportedInterfaceOrientations_iPad = "UIInterfaceOrientationPortrait UIInterfaceOrientationPortraitUpsideDown UIInterfaceOrientationLandscapeLeft UIInterfaceOrientationLandscapeRight";
				INFOPLIST_KEY_UISupportedInterfaceOrientations_iPhone = "UIInterfaceOrientationPortrait UIInterfaceOrientationLandscapeLeft UIInterfaceOrientationLandscapeRight";
				IPHONEOS_DEPLOYMENT_TARGET = 13.0;
				LD_RUNPATH_SEARCH_PATHS = (
					"$(inherited)",
					"@executable_path/Frameworks",
				);
				MARKETING_VERSION = 1.0;
				ONLY_ACTIVE_ARCH = YES;
				PRODUCT_BUNDLE_IDENTIFIER = "com.notifly.notifly-ios-sdk.NotiflyIOSTestApp";
				PRODUCT_NAME = "$(TARGET_NAME)";
				SWIFT_EMIT_LOC_STRINGS = YES;
				SWIFT_VERSION = 5.0;
				TARGETED_DEVICE_FAMILY = "1,2";
			};
			name = Release;
		};
/* End XCBuildConfiguration section */

/* Begin XCConfigurationList section */
		2BC9CB842C3E741F0047F006 /* Build configuration list for PBXNativeTarget "NotiflyNotificationExtension" */ = {
			isa = XCConfigurationList;
			buildConfigurations = (
				2BC9CB852C3E741F0047F006 /* Debug */,
				2BC9CB862C3E741F0047F006 /* Release */,
			);
			defaultConfigurationIsVisible = 0;
			defaultConfigurationName = Release;
		};
		675EB42C29ED18B0001347FB /* Build configuration list for PBXProject "NotiflyTestApp" */ = {
			isa = XCConfigurationList;
			buildConfigurations = (
				675EB44329ED18B1001347FB /* Debug */,
				675EB44429ED18B1001347FB /* Release */,
			);
			defaultConfigurationIsVisible = 0;
			defaultConfigurationName = Release;
		};
		675EB44529ED18B1001347FB /* Build configuration list for PBXNativeTarget "NotiflyTestApp" */ = {
			isa = XCConfigurationList;
			buildConfigurations = (
				675EB44629ED18B1001347FB /* Debug */,
				675EB44729ED18B1001347FB /* Release */,
			);
			defaultConfigurationIsVisible = 0;
			defaultConfigurationName = Release;
		};
/* End XCConfigurationList section */
	};
	rootObject = 675EB42929ED18B0001347FB /* Project object */;
}
